
Microsoft Visual Studio Solution File, Format Version 12.00
# Visual Studio 15
VisualStudioVersion = 15.0.26730.16
MinimumVisualStudioVersion = 10.0.40219.1
Project("{FAE04EC0-301F-11D3-BF4B-00C04F79EFBC}") = "Sorting", "Sorting\Sorting.csproj", "{C287A2C1-1982-4113-B75E-2747A6D3ADA5}"
EndProject
Global
	GlobalSection(SolutionConfigurationPlatforms) = preSolution
		Debug|Any CPU = Debug|Any CPU
		Release|Any CPU = Release|Any CPU
	EndGlobalSection
	GlobalSection(ProjectConfigurationPlatforms) = postSolution
		{C287A2C1-1982-4113-B75E-2747A6D3ADA5}.Debug|Any CPU.ActiveCfg = Debug|Any CPU
		{C287A2C1-1982-4113-B75E-2747A6D3ADA5}.Debug|Any CPU.Build.0 = Debug|Any CPU
		{C287A2C1-1982-4113-B75E-2747A6D3ADA5}.Release|Any CPU.ActiveCfg = Release|Any CPU
		{C287A2C1-1982-4113-B75E-2747A6D3ADA5}.Release|Any CPU.Build.0 = Release|Any CPU
	EndGlobalSection
	GlobalSection(SolutionProperties) = preSolution
		HideSolutionNode = FALSE
	EndGlobalSection
	GlobalSection(ExtensibilityGlobals) = postSolution
		SolutionGuid = {F679709F-2876-4196-B00D-7C14905B942D}
	EndGlobalSection
EndGlobal
